hash: 10c85c52567c57f58f7f2621aea59c5ea0b184b4a7224c87976a19f51d745d29
updated: 2016-08-25T23:53:01.817428071-05:00
imports:
- name: github.com/kelseyhightower/envconfig
  version: ac12b1f15efba734211a556d8b125110dc538016
testImports:
- name: github.com/gopherjs/gopherjs
  version: 45518c130e5bd1525f20110830a4986365a153de
  subpackages:
  - js
- name: github.com/jtolds/gls
  version: 8ddce2a84170772b95dd5d576c48d517b22cac63
- name: github.com/smartystreets/assertions
  version: 2063fd1cc7c975db70502811a34b06ad034ccdf2
  subpackages:
  - internal/go-render/render
  - internal/oglematchers
- name: github.com/smartystreets/goconvey
  version: d4c757aa9afd1e2fc1832aaab209b5794eb336e1
  subpackages:
  - convey
  - convey/gotest
  - convey/reporting
